
Microsoft Visual Studio Solution File, Format Version 12.00
# Visual Studio Version 17
VisualStudioVersion = 17.1.32104.313
MinimumVisualStudioVersion = 10.0.40219.1
Project("{9A19103F-16F7-4668-BE54-9A1E7A4F7556}") = "Blog.Repositories", "Blog.Repositories\Blog.Repositories.csproj", "{0C4B0FCB-8762-44D6-85E7-4081CAFAEE47}"
EndProject
Project("{9A19103F-16F7-4668-BE54-9A1E7A4F7556}") = "Blog.Repositories.Extensions", "Blog.Repositories.Extensions\Blog.Repositories.Extensions.csproj", "{E4793CFE-0EA0-49A2-BE7F-5579B040CA51}"
EndProject
Project("{9A19103F-16F7-4668-BE54-9A1E7A4F7556}") = "Blog.Services", "Blog.Services\Blog.Services.csproj", "{D1D3B990-FDF0-4821-8D3E-3B78119BD132}"
EndProject
Project("{9A19103F-16F7-4668-BE54-9A1E7A4F7556}") = "Blog.Services.Abstractions", "Blog.Services.Abstractions\Blog.Services.Abstractions.csproj", "{44B6CB64-D502-424C-A814-563CE31B82F5}"
EndProject
Project("{9A19103F-16F7-4668-BE54-9A1E7A4F7556}") = "Blog.Services.Extensions", "Blog.Services.Extensions\Blog.Services.Extensions.csproj", "{6EBE780D-1E00-4A60-BE1A-1F6B2159A6D3}"
EndProject
Project("{2150E333-8FDC-42A3-9474-1A3956D46DE8}") = "Repositories", "Repositories", "{86950C3A-7961-47A2-BB19-5C1C259E7839}"
EndProject
Project("{2150E333-8FDC-42A3-9474-1A3956D46DE8}") = "Services", "Services", "{CBDC60A9-7D53-4CE8-AA71-9CDF42F4655E}"
EndProject
Project("{9A19103F-16F7-4668-BE54-9A1E7A4F7556}") = "Blog.Repositories.Abstractions", "Blog.Repositories.Abstractions\Blog.Repositories.Abstractions.csproj", "{8357A475-249D-47E6-820B-46A6F4ECA565}"
EndProject
Project("{9A19103F-16F7-4668-BE54-9A1E7A4F7556}") = "YuanHai.Blog.App", "YuanHai.Blog.App\YuanHai.Blog.App.csproj", "{5F4F2FF0-D3E6-4865-9D37-038001201235}"
EndProject
Project("{2150E333-8FDC-42A3-9474-1A3956D46DE8}") = "Test", "Test", "{6243E72F-86A7-4F0A-83F6-E65980B70C89}"
EndProject
Project("{9A19103F-16F7-4668-BE54-9A1E7A4F7556}") = "YuanHai.Blog.UnitTest", "YuanHai.Blog.UnitTest\YuanHai.Blog.UnitTest.csproj", "{B0118F32-A638-46A7-AC60-BB76179AE0A9}"
EndProject
Project("{9A19103F-16F7-4668-BE54-9A1E7A4F7556}") = "YuanHai.Blog.Api", "YuanHai.Blog.Api\YuanHai.Blog.Api.csproj", "{B10DE693-3D64-4AB8-A2D0-03A065E28E96}"
EndProject
Project("{2150E333-8FDC-42A3-9474-1A3956D46DE8}") = "Commonlibrary", "Commonlibrary", "{1A10EC35-5115-4126-8A34-C5D6C5EE1B45}"
EndProject
Project("{9A19103F-16F7-4668-BE54-9A1E7A4F7556}") = "BasicModel", "BasicModel\BasicModel.csproj", "{8E18B557-BCA3-489C-9DB3-943F4DD72606}"
EndProject
Project("{2150E333-8FDC-42A3-9474-1A3956D46DE8}") = "Admin", "Admin", "{A8735C5A-F91B-44F7-B818-FB8B8BF2F00C}"
EndProject
Project("{9A19103F-16F7-4668-BE54-9A1E7A4F7556}") = "BootstrapAdmin.Web", "Blog.Admin\BootstrapAdmin.Web\BootstrapAdmin.Web.csproj", "{9E29C3BB-FEE8-4D67-8F16-C95C76A36E3C}"
EndProject
Project("{9A19103F-16F7-4668-BE54-9A1E7A4F7556}") = "BootstrapAdmin.Caching", "Blog.Admin\BootstrapAdmin.Caching\BootstrapAdmin.Caching.csproj", "{03D0DD85-FD45-488D-941B-8C711C3AF499}"
EndProject
Project("{9A19103F-16F7-4668-BE54-9A1E7A4F7556}") = "BootstrapAdmin.Web.Core", "Blog.Admin\BootstrapAdmin.Web.Core\BootstrapAdmin.Web.Core.csproj", "{79ACEA13-9CF9-4796-87E6-4C8B7D78BACB}"
EndProject
Project("{9A19103F-16F7-4668-BE54-9A1E7A4F7556}") = "BootstrapAdmin.DataAccess.PetaPoco", "Blog.Admin\BootstrapAdmin.DataAccess.PetaPoco\BootstrapAdmin.DataAccess.PetaPoco.csproj", "{B18B76C1-0AE5-4C64-8AA9-1926503CDF43}"
EndProject
Project("{9A19103F-16F7-4668-BE54-9A1E7A4F7556}") = "BootstrapAdmin.DataAccess.Models", "Blog.Admin\BootstrapAdmin.DataAccess.Models\BootstrapAdmin.DataAccess.Models.csproj", "{7F864C9E-F6CB-49E3-8F01-251F1AE772D6}"
EndProject
Project("{9A19103F-16F7-4668-BE54-9A1E7A4F7556}") = "BootStarpAdmin.DataAccess.FreeSql", "Blog.Admin\BootStarpAdmin.DataAccess.FreeSql\BootStarpAdmin.DataAccess.FreeSql.csproj", "{0F08BC3E-155D-462F-B7F5-24AA34C1AA55}"
EndProject
Project("{9A19103F-16F7-4668-BE54-9A1E7A4F7556}") = "BootStarpAdmin.DataAccess.SqlSugar", "Blog.Admin\BootStarpAdmin.DataAccess.SqlSugar\BootStarpAdmin.DataAccess.SqlSugar.csproj", "{10802353-F064-4375-80E7-ADBD3A76FECD}"
EndProject
Project("{9A19103F-16F7-4668-BE54-9A1E7A4F7556}") = "BootstrapAdmin.DataAccess.EFCore", "Blog.Admin\BootstrapAdmin.DataAccess.EFCore\BootstrapAdmin.DataAccess.EFCore.csproj", "{28090E1E-A45F-4A23-82D6-3B6256E06F28}"
EndProject
Project("{FAE04EC0-301F-11D3-BF4B-00C04F79EFBC}") = "ClassLibrary1", "ClassLibrary1\ClassLibrary1.csproj", "{100A2D11-F5AA-4B48-978A-63144A60ACDD}"
EndProject
Global
	GlobalSection(SolutionConfigurationPlatforms) = preSolution
		Debug|Any CPU = Debug|Any CPU
		Release|Any CPU = Release|Any CPU
	EndGlobalSection
	GlobalSection(ProjectConfigurationPlatforms) = postSolution
		{0C4B0FCB-8762-44D6-85E7-4081CAFAEE47}.Debug|Any CPU.ActiveCfg = Debug|Any CPU
		{0C4B0FCB-8762-44D6-85E7-4081CAFAEE47}.Debug|Any CPU.Build.0 = Debug|Any CPU
		{0C4B0FCB-8762-44D6-85E7-4081CAFAEE47}.Release|Any CPU.ActiveCfg = Release|Any CPU
		{0C4B0FCB-8762-44D6-85E7-4081CAFAEE47}.Release|Any CPU.Build.0 = Release|Any CPU
		{E4793CFE-0EA0-49A2-BE7F-5579B040CA51}.Debug|Any CPU.ActiveCfg = Debug|Any CPU
		{E4793CFE-0EA0-49A2-BE7F-5579B040CA51}.Debug|Any CPU.Build.0 = Debug|Any CPU
		{E4793CFE-0EA0-49A2-BE7F-5579B040CA51}.Release|Any CPU.ActiveCfg = Release|Any CPU
		{E4793CFE-0EA0-49A2-BE7F-5579B040CA51}.Release|Any CPU.Build.0 = Release|Any CPU
		{D1D3B990-FDF0-4821-8D3E-3B78119BD132}.Debug|Any CPU.ActiveCfg = Debug|Any CPU
		{D1D3B990-FDF0-4821-8D3E-3B78119BD132}.Debug|Any CPU.Build.0 = Debug|Any CPU
		{D1D3B990-FDF0-4821-8D3E-3B78119BD132}.Release|Any CPU.ActiveCfg = Release|Any CPU
		{D1D3B990-FDF0-4821-8D3E-3B78119BD132}.Release|Any CPU.Build.0 = Release|Any CPU
		{44B6CB64-D502-424C-A814-563CE31B82F5}.Debug|Any CPU.ActiveCfg = Debug|Any CPU
		{44B6CB64-D502-424C-A814-563CE31B82F5}.Debug|Any CPU.Build.0 = Debug|Any CPU
		{44B6CB64-D502-424C-A814-563CE31B82F5}.Release|Any CPU.ActiveCfg = Release|Any CPU
		{44B6CB64-D502-424C-A814-563CE31B82F5}.Release|Any CPU.Build.0 = Release|Any CPU
		{6EBE780D-1E00-4A60-BE1A-1F6B2159A6D3}.Debug|Any CPU.ActiveCfg = Debug|Any CPU
		{6EBE780D-1E00-4A60-BE1A-1F6B2159A6D3}.Debug|Any CPU.Build.0 = Debug|Any CPU
		{6EBE780D-1E00-4A60-BE1A-1F6B2159A6D3}.Release|Any CPU.ActiveCfg = Release|Any CPU
		{6EBE780D-1E00-4A60-BE1A-1F6B2159A6D3}.Release|Any CPU.Build.0 = Release|Any CPU
		{8357A475-249D-47E6-820B-46A6F4ECA565}.Debug|Any CPU.ActiveCfg = Debug|Any CPU
		{8357A475-249D-47E6-820B-46A6F4ECA565}.Debug|Any CPU.Build.0 = Debug|Any CPU
		{8357A475-249D-47E6-820B-46A6F4ECA565}.Release|Any CPU.ActiveCfg = Release|Any CPU
		{8357A475-249D-47E6-820B-46A6F4ECA565}.Release|Any CPU.Build.0 = Release|Any CPU
		{5F4F2FF0-D3E6-4865-9D37-038001201235}.Debug|Any CPU.ActiveCfg = Debug|Any CPU
		{5F4F2FF0-D3E6-4865-9D37-038001201235}.Debug|Any CPU.Build.0 = Debug|Any CPU
		{5F4F2FF0-D3E6-4865-9D37-038001201235}.Release|Any CPU.ActiveCfg = Release|Any CPU
		{5F4F2FF0-D3E6-4865-9D37-038001201235}.Release|Any CPU.Build.0 = Release|Any CPU
		{B0118F32-A638-46A7-AC60-BB76179AE0A9}.Debug|Any CPU.ActiveCfg = Debug|Any CPU
		{B0118F32-A638-46A7-AC60-BB76179AE0A9}.Debug|Any CPU.Build.0 = Debug|Any CPU
		{B0118F32-A638-46A7-AC60-BB76179AE0A9}.Release|Any CPU.ActiveCfg = Release|Any CPU
		{B0118F32-A638-46A7-AC60-BB76179AE0A9}.Release|Any CPU.Build.0 = Release|Any CPU
		{B10DE693-3D64-4AB8-A2D0-03A065E28E96}.Debug|Any CPU.ActiveCfg = Debug|Any CPU
		{B10DE693-3D64-4AB8-A2D0-03A065E28E96}.Debug|Any CPU.Build.0 = Debug|Any CPU
		{B10DE693-3D64-4AB8-A2D0-03A065E28E96}.Release|Any CPU.ActiveCfg = Release|Any CPU
		{B10DE693-3D64-4AB8-A2D0-03A065E28E96}.Release|Any CPU.Build.0 = Release|Any CPU
		{8E18B557-BCA3-489C-9DB3-943F4DD72606}.Debug|Any CPU.ActiveCfg = Debug|Any CPU
		{8E18B557-BCA3-489C-9DB3-943F4DD72606}.Debug|Any CPU.Build.0 = Debug|Any CPU
		{8E18B557-BCA3-489C-9DB3-943F4DD72606}.Release|Any CPU.ActiveCfg = Release|Any CPU
		{8E18B557-BCA3-489C-9DB3-943F4DD72606}.Release|Any CPU.Build.0 = Release|Any CPU
		{9E29C3BB-FEE8-4D67-8F16-C95C76A36E3C}.Debug|Any CPU.ActiveCfg = Debug|Any CPU
		{9E29C3BB-FEE8-4D67-8F16-C95C76A36E3C}.Debug|Any CPU.Build.0 = Debug|Any CPU
		{9E29C3BB-FEE8-4D67-8F16-C95C76A36E3C}.Release|Any CPU.ActiveCfg = Release|Any CPU
		{9E29C3BB-FEE8-4D67-8F16-C95C76A36E3C}.Release|Any CPU.Build.0 = Release|Any CPU
		{03D0DD85-FD45-488D-941B-8C711C3AF499}.Debug|Any CPU.ActiveCfg = Debug|Any CPU
		{03D0DD85-FD45-488D-941B-8C711C3AF499}.Debug|Any CPU.Build.0 = Debug|Any CPU
		{03D0DD85-FD45-488D-941B-8C711C3AF499}.Release|Any CPU.ActiveCfg = Release|Any CPU
		{03D0DD85-FD45-488D-941B-8C711C3AF499}.Release|Any CPU.Build.0 = Release|Any CPU
		{79ACEA13-9CF9-4796-87E6-4C8B7D78BACB}.Debug|Any CPU.ActiveCfg = Debug|Any CPU
		{79ACEA13-9CF9-4796-87E6-4C8B7D78BACB}.Debug|Any CPU.Build.0 = Debug|Any CPU
		{79ACEA13-9CF9-4796-87E6-4C8B7D78BACB}.Release|Any CPU.ActiveCfg = Release|Any CPU
		{79ACEA13-9CF9-4796-87E6-4C8B7D78BACB}.Release|Any CPU.Build.0 = Release|Any CPU
		{B18B76C1-0AE5-4C64-8AA9-1926503CDF43}.Debug|Any CPU.ActiveCfg = Debug|Any CPU
		{B18B76C1-0AE5-4C64-8AA9-1926503CDF43}.Debug|Any CPU.Build.0 = Debug|Any CPU
		{B18B76C1-0AE5-4C64-8AA9-1926503CDF43}.Release|Any CPU.ActiveCfg = Release|Any CPU
		{B18B76C1-0AE5-4C64-8AA9-1926503CDF43}.Release|Any CPU.Build.0 = Release|Any CPU
		{7F864C9E-F6CB-49E3-8F01-251F1AE772D6}.Debug|Any CPU.ActiveCfg = Debug|Any CPU
		{7F864C9E-F6CB-49E3-8F01-251F1AE772D6}.Debug|Any CPU.Build.0 = Debug|Any CPU
		{7F864C9E-F6CB-49E3-8F01-251F1AE772D6}.Release|Any CPU.ActiveCfg = Release|Any CPU
		{7F864C9E-F6CB-49E3-8F01-251F1AE772D6}.Release|Any CPU.Build.0 = Release|Any CPU
		{0F08BC3E-155D-462F-B7F5-24AA34C1AA55}.Debug|Any CPU.ActiveCfg = Debug|Any CPU
		{0F08BC3E-155D-462F-B7F5-24AA34C1AA55}.Debug|Any CPU.Build.0 = Debug|Any CPU
		{0F08BC3E-155D-462F-B7F5-24AA34C1AA55}.Release|Any CPU.ActiveCfg = Release|Any CPU
		{0F08BC3E-155D-462F-B7F5-24AA34C1AA55}.Release|Any CPU.Build.0 = Release|Any CPU
		{10802353-F064-4375-80E7-ADBD3A76FECD}.Debug|Any CPU.ActiveCfg = Debug|Any CPU
		{10802353-F064-4375-80E7-ADBD3A76FECD}.Debug|Any CPU.Build.0 = Debug|Any CPU
		{10802353-F064-4375-80E7-ADBD3A76FECD}.Release|Any CPU.ActiveCfg = Release|Any CPU
		{10802353-F064-4375-80E7-ADBD3A76FECD}.Release|Any CPU.Build.0 = Release|Any CPU
		{28090E1E-A45F-4A23-82D6-3B6256E06F28}.Debug|Any CPU.ActiveCfg = Debug|Any CPU
		{28090E1E-A45F-4A23-82D6-3B6256E06F28}.Debug|Any CPU.Build.0 = Debug|Any CPU
		{28090E1E-A45F-4A23-82D6-3B6256E06F28}.Release|Any CPU.ActiveCfg = Release|Any CPU
		{28090E1E-A45F-4A23-82D6-3B6256E06F28}.Release|Any CPU.Build.0 = Release|Any CPU
		{100A2D11-F5AA-4B48-978A-63144A60ACDD}.Debug|Any CPU.ActiveCfg = Debug|Any CPU
		{100A2D11-F5AA-4B48-978A-63144A60ACDD}.Debug|Any CPU.Build.0 = Debug|Any CPU
		{100A2D11-F5AA-4B48-978A-63144A60ACDD}.Release|Any CPU.ActiveCfg = Release|Any CPU
		{100A2D11-F5AA-4B48-978A-63144A60ACDD}.Release|Any CPU.Build.0 = Release|Any CPU
	EndGlobalSection
	GlobalSection(SolutionProperties) = preSolution
		HideSolutionNode = FALSE
	EndGlobalSection
	GlobalSection(NestedProjects) = preSolution
		{0C4B0FCB-8762-44D6-85E7-4081CAFAEE47} = {86950C3A-7961-47A2-BB19-5C1C259E7839}
		{E4793CFE-0EA0-49A2-BE7F-5579B040CA51} = {86950C3A-7961-47A2-BB19-5C1C259E7839}
		{D1D3B990-FDF0-4821-8D3E-3B78119BD132} = {CBDC60A9-7D53-4CE8-AA71-9CDF42F4655E}
		{44B6CB64-D502-424C-A814-563CE31B82F5} = {CBDC60A9-7D53-4CE8-AA71-9CDF42F4655E}
		{6EBE780D-1E00-4A60-BE1A-1F6B2159A6D3} = {CBDC60A9-7D53-4CE8-AA71-9CDF42F4655E}
		{8357A475-249D-47E6-820B-46A6F4ECA565} = {86950C3A-7961-47A2-BB19-5C1C259E7839}
		{B0118F32-A638-46A7-AC60-BB76179AE0A9} = {6243E72F-86A7-4F0A-83F6-E65980B70C89}
		{8E18B557-BCA3-489C-9DB3-943F4DD72606} = {1A10EC35-5115-4126-8A34-C5D6C5EE1B45}
		{9E29C3BB-FEE8-4D67-8F16-C95C76A36E3C} = {A8735C5A-F91B-44F7-B818-FB8B8BF2F00C}
		{03D0DD85-FD45-488D-941B-8C711C3AF499} = {A8735C5A-F91B-44F7-B818-FB8B8BF2F00C}
		{79ACEA13-9CF9-4796-87E6-4C8B7D78BACB} = {A8735C5A-F91B-44F7-B818-FB8B8BF2F00C}
		{B18B76C1-0AE5-4C64-8AA9-1926503CDF43} = {A8735C5A-F91B-44F7-B818-FB8B8BF2F00C}
		{7F864C9E-F6CB-49E3-8F01-251F1AE772D6} = {A8735C5A-F91B-44F7-B818-FB8B8BF2F00C}
		{0F08BC3E-155D-462F-B7F5-24AA34C1AA55} = {A8735C5A-F91B-44F7-B818-FB8B8BF2F00C}
		{10802353-F064-4375-80E7-ADBD3A76FECD} = {A8735C5A-F91B-44F7-B818-FB8B8BF2F00C}
		{28090E1E-A45F-4A23-82D6-3B6256E06F28} = {A8735C5A-F91B-44F7-B818-FB8B8BF2F00C}
		{100A2D11-F5AA-4B48-978A-63144A60ACDD} = {A8735C5A-F91B-44F7-B818-FB8B8BF2F00C}
	EndGlobalSection
	GlobalSection(ExtensibilityGlobals) = postSolution
		SolutionGuid = {7354B254-CBA6-4ABD-8EBB-8505F16F59A6}
	EndGlobalSection
EndGlobal
