
Microsoft Visual Studio Solution File, Format Version 12.00
# Visual Studio 15
VisualStudioVersion = 15.0.27703.2026
MinimumVisualStudioVersion = 10.0.40219.1
Project("{9A19103F-16F7-4668-BE54-9A1E7A4F7556}") = "YuanHai.BlogUI", "YuanHai.BlogUI\YuanHai.BlogUI.csproj", "{C572465E-7AC3-4E39-9900-0B87F2E46D20}"
EndProject
Global
	GlobalSection(SolutionConfigurationPlatforms) = preSolution
		Debug|Any CPU = Debug|Any CPU
		Release|Any CPU = Release|Any CPU
	EndGlobalSection
	GlobalSection(ProjectConfigurationPlatforms) = postSolution
		{C572465E-7AC3-4E39-9900-0B87F2E46D20}.Debug|Any CPU.ActiveCfg = Debug|Any CPU
		{C572465E-7AC3-4E39-9900-0B87F2E46D20}.Debug|Any CPU.Build.0 = Debug|Any CPU
		{C572465E-7AC3-4E39-9900-0B87F2E46D20}.Release|Any CPU.ActiveCfg = Release|Any CPU
		{C572465E-7AC3-4E39-9900-0B87F2E46D20}.Release|Any CPU.Build.0 = Release|Any CPU
	EndGlobalSection
	GlobalSection(SolutionProperties) = preSolution
		HideSolutionNode = FALSE
	EndGlobalSection
	GlobalSection(ExtensibilityGlobals) = postSolution
		SolutionGuid = {7354B254-CBA6-4ABD-8EBB-8505F16F59A6}
	EndGlobalSection
EndGlobal
